// !$*UTF8*$!
{
	archiveVersion = 1;
	classes = {
	};
	objectVersion = 60;
	objects = {

/* Begin PBXBuildFile section */
		17B7C04D2A99344300E780CD /* GolfApp.swift in Sources */ = {isa = PBXBuildFile; fileRef = 17B7C04C2A99344300E780CD /* GolfApp.swift */; };
		17B7C04F2A99344300E780CD /* ContentView.swift in Sources */ = {isa = PBXBuildFile; fileRef = 17B7C04E2A99344300E780CD /* ContentView.swift */; };
		17B7C0512A99344300E780CD /* Item.swift in Sources */ = {isa = PBXBuildFile; fileRef = 17B7C0502A99344300E780CD /* Item.swift */; };
		17B7C0532A99344400E780CD /* Assets.xcassets in Resources */ = {isa = PBXBuildFile; fileRef = 17B7C0522A99344400E780CD /* Assets.xcassets */; };
		17B7C0562A99344400E780CD /* Preview Assets.xcassets in Resources */ = {isa = PBXBuildFile; fileRef = 17B7C0552A99344400E780CD /* Preview Assets.xcassets */; };
		17B7C0632A9945C300E780CD /* Camera-SwiftUI in Frameworks */ = {isa = PBXBuildFile; productRef = 17B7C0622A9945C300E780CD /* Camera-SwiftUI */; };
		17B7C0662A99474B00E780CD /* Home.swift in Sources */ = {isa = PBXBuildFile; fileRef = 17B7C0652A99474B00E780CD /* Home.swift */; };
		17B7C0682A99A86500E780CD /* CameraView.swift in Sources */ = {isa = PBXBuildFile; fileRef = 17B7C0672A99A86500E780CD /* CameraView.swift */; };
		17B7C06B2A99B51600E780CD /* CameraViewModel.swift in Sources */ = {isa = PBXBuildFile; fileRef = 17B7C06A2A99B51600E780CD /* CameraViewModel.swift */; };
/* End PBXBuildFile section */

/* Begin PBXFileReference section */
		17B7C0492A99344300E780CD /* Golf.app */ = {isa = PBXFileReference; explicitFileType = wrapper.application; includeInIndex = 0; path = Golf.app; sourceTree = BUILT_PRODUCTS_DIR; };
		17B7C04C2A99344300E780CD /* GolfApp.swift */ = {isa = PBXFileReference; lastKnownFileType = sourcecode.swift; path = GolfApp.swift; sourceTree = "<group>"; };
		17B7C04E2A99344300E780CD /* ContentView.swift */ = {isa = PBXFileReference; lastKnownFileType = sourcecode.swift; path = ContentView.swift; sourceTree = "<group>"; };
		17B7C0502A99344300E780CD /* Item.swift */ = {isa = PBXFileReference; lastKnownFileType = sourcecode.swift; path = Item.swift; sourceTree = "<group>"; };
		17B7C0522A99344400E780CD /* Assets.xcassets */ = {isa = PBXFileReference; lastKnownFileType = folder.assetcatalog; path = Assets.xcassets; sourceTree = "<group>"; };
		17B7C0552A99344400E780CD /* Preview Assets.xcassets */ = {isa = PBXFileReference; lastKnownFileType = folder.assetcatalog; path = "Preview Assets.xcassets"; sourceTree = "<group>"; };
		17B7C05F2A993AF800E780CD /* Info.plist */ = {isa = PBXFileReference; lastKnownFileType = text.plist; path = Info.plist; sourceTree = "<group>"; };
		17B7C0652A99474B00E780CD /* Home.swift */ = {isa = PBXFileReference; lastKnownFileType = sourcecode.swift; path = Home.swift; sourceTree = "<group>"; };
		17B7C0672A99A86500E780CD /* CameraView.swift */ = {isa = PBXFileReference; lastKnownFileType = sourcecode.swift; path = CameraView.swift; sourceTree = "<group>"; };
		17B7C06A2A99B51600E780CD /* CameraViewModel.swift */ = {isa = PBXFileReference; lastKnownFileType = sourcecode.swift; path = CameraViewModel.swift; sourceTree = "<group>"; };
/* End PBXFileReference section */

/* Begin PBXFrameworksBuildPhase section */
		17B7C0462A99344300E780CD /* Frameworks */ = {
			isa = PBXFrameworksBuildPhase;
			buildActionMask = 2147483647;
			files = (
				17B7C0632A9945C300E780CD /* Camera-SwiftUI in Frameworks */,
			);
			runOnlyForDeploymentPostprocessing = 0;
		};
/* End PBXFrameworksBuildPhase section */

/* Begin PBXGroup section */
		17B7C0402A99344300E780CD = {
			isa = PBXGroup;
			children = (
				17B7C04B2A99344300E780CD /* Golf */,
				17B7C04A2A99344300E780CD /* Products */,
			);
			sourceTree = "<group>";
		};
		17B7C04A2A99344300E780CD /* Products */ = {
			isa = PBXGroup;
			children = (
				17B7C0492A99344300E780CD /* Golf.app */,
			);
			name = Products;
			sourceTree = "<group>";
		};
		17B7C04B2A99344300E780CD /* Golf */ = {
			isa = PBXGroup;
			children = (
				17B7C0692A99B4FB00E780CD /* ViewModel */,
				17B7C0642A99471600E780CD /* View */,
				17B7C05F2A993AF800E780CD /* Info.plist */,
				17B7C04C2A99344300E780CD /* GolfApp.swift */,
				17B7C04E2A99344300E780CD /* ContentView.swift */,
				17B7C0502A99344300E780CD /* Item.swift */,
				17B7C0522A99344400E780CD /* Assets.xcassets */,
				17B7C0542A99344400E780CD /* Preview Content */,
			);
			path = Golf;
			sourceTree = "<group>";
		};
		17B7C0542A99344400E780CD /* Preview Content */ = {
			isa = PBXGroup;
			children = (
				17B7C0552A99344400E780CD /* Preview Assets.xcassets */,
			);
			path = "Preview Content";
			sourceTree = "<group>";
		};
		17B7C0642A99471600E780CD /* View */ = {
			isa = PBXGroup;
			children = (
				17B7C0652A99474B00E780CD /* Home.swift */,
				17B7C0672A99A86500E780CD /* CameraView.swift */,
			);
			path = View;
			sourceTree = "<group>";
		};
		17B7C0692A99B4FB00E780CD /* ViewModel */ = {
			isa = PBXGroup;
			children = (
				17B7C06A2A99B51600E780CD /* CameraViewModel.swift */,
			);
			path = ViewModel;
			sourceTree = "<group>";
		};
/* End PBXGroup section */

/* Begin PBXNativeTarget section */
		17B7C0482A99344300E780CD /* Golf */ = {
			isa = PBXNativeTarget;
			buildConfigurationList = 17B7C0592A99344400E780CD /* Build configuration list for PBXNativeTarget "Golf" */;
			buildPhases = (
				17B7C0452A99344300E780CD /* Sources */,
				17B7C0462A99344300E780CD /* Frameworks */,
				17B7C0472A99344300E780CD /* Resources */,
			);
			buildRules = (
			);
			dependencies = (
			);
			name = Golf;
			packageProductDependencies = (
				17B7C0622A9945C300E780CD /* Camera-SwiftUI */,
			);
			productName = Golf;
			productReference = 17B7C0492A99344300E780CD /* Golf.app */;
			productType = "com.apple.product-type.application";
		};
/* End PBXNativeTarget section */

/* Begin PBXProject section */
		17B7C0412A99344300E780CD /* Project object */ = {
			isa = PBXProject;
			attributes = {
				BuildIndependentTargetsInParallel = 1;
				LastSwiftUpdateCheck = 1500;
				LastUpgradeCheck = 1500;
				TargetAttributes = {
					17B7C0482A99344300E780CD = {
						CreatedOnToolsVersion = 15.0;
					};
				};
			};
			buildConfigurationList = 17B7C0442A99344300E780CD /* Build configuration list for PBXProject "Golf" */;
			compatibilityVersion = "Xcode 14.0";
			developmentRegion = en;
			hasScannedForEncodings = 0;
			knownRegions = (
				en,
				Base,
			);
			mainGroup = 17B7C0402A99344300E780CD;
			packageReferences = (
				17B7C05C2A99388500E780CD /* XCLocalSwiftPackageReference "../Camera-SwiftUI-main" */,
			);
			productRefGroup = 17B7C04A2A99344300E780CD /* Products */;
			projectDirPath = "";
			projectRoot = "";
			targets = (
				17B7C0482A99344300E780CD /* Golf */,
			);
		};
/* End PBXProject section */

/* Begin PBXResourcesBuildPhase section */
		17B7C0472A99344300E780CD /* Resources */ = {
			isa = PBXResourcesBuildPhase;
			buildActionMask = 2147483647;
			files = (
				17B7C0562A99344400E780CD /* Preview Assets.xcassets in Resources */,
				17B7C0532A99344400E780CD /* Assets.xcassets in Resources */,
			);
			runOnlyForDeploymentPostprocessing = 0;
		};
/* End PBXResourcesBuildPhase section */

/* Begin PBXSourcesBuildPhase section */
		17B7C0452A99344300E780CD /* Sources */ = {
			isa = PBXSourcesBuildPhase;
			buildActionMask = 2147483647;
			files = (
				17B7C04F2A99344300E780CD /* ContentView.swift in Sources */,
				17B7C0512A99344300E780CD /* Item.swift in Sources */,
				17B7C0662A99474B00E780CD /* Home.swift in Sources */,
				17B7C0682A99A86500E780CD /* CameraView.swift in Sources */,
				17B7C04D2A99344300E780CD /* GolfApp.swift in Sources */,
				17B7C06B2A99B51600E780CD /* CameraViewModel.swift in Sources */,
			);
			runOnlyForDeploymentPostprocessing = 0;
		};
/* End PBXSourcesBuildPhase section */

/* Begin XCBuildConfiguration section */
		17B7C0572A99344400E780CD /* Debug */ = {
			isa = XCBuildConfiguration;
			buildSettings = {
				ALWAYS_SEARCH_USER_PATHS = NO;
				ASSETCATALOG_COMPILER_GENERATE_SWIFT_ASSET_SYMBOL_EXTENSIONS = YES;
				CLANG_ANALYZER_NONNULL = YES;
				CLANG_ANALYZER_NUMBER_OBJECT_CONVERSION = YES_AGGRESSIVE;
				CLANG_CXX_LANGUAGE_STANDARD = "gnu++20";
				CLANG_ENABLE_MODULES = YES;
				CLANG_ENABLE_OBJC_ARC = YES;
				CLANG_ENABLE_OBJC_WEAK = YES;
				CLANG_WARN_BLOCK_CAPTURE_AUTORELEASING = YES;
				CLANG_WARN_BOOL_CONVERSION = YES;
				CLANG_WARN_COMMA = YES;
				CLANG_WARN_CONSTANT_CONVERSION = YES;
				CLANG_WARN_DEPRECATED_OBJC_IMPLEMENTATIONS = YES;
				CLANG_WARN_DIRECT_OBJC_ISA_USAGE = YES_ERROR;
				CLANG_WARN_DOCUMENTATION_COMMENTS = YES;
				CLANG_WARN_EMPTY_BODY = YES;
				CLANG_WARN_ENUM_CONVERSION = YES;
				CLANG_WARN_INFINITE_RECURSION = YES;
				CLANG_WARN_INT_CONVERSION = YES;
				CLANG_WARN_NON_LITERAL_NULL_CONVERSION = YES;
				CLANG_WARN_OBJC_IMPLICIT_RETAIN_SELF = YES;
				CLANG_WARN_OBJC_LITERAL_CONVERSION = YES;
				CLANG_WARN_OBJC_ROOT_CLASS = YES_ERROR;
				CLANG_WARN_QUOTED_INCLUDE_IN_FRAMEWORK_HEADER = YES;
				CLANG_WARN_RANGE_LOOP_ANALYSIS = YES;
				CLANG_WARN_STRICT_PROTOTYPES = YES;
				CLANG_WARN_SUSPICIOUS_MOVE = YES;
				CLANG_WARN_UNGUARDED_AVAILABILITY = YES_AGGRESSIVE;
				CLANG_WARN_UNREACHABLE_CODE = YES;
				CLANG_WARN__DUPLICATE_METHOD_MATCH = YES;
				COPY_PHASE_STRIP = NO;
				DEBUG_INFORMATION_FORMAT = dwarf;
				ENABLE_STRICT_OBJC_MSGSEND = YES;
				ENABLE_TESTABILITY = YES;
				ENABLE_USER_SCRIPT_SANDBOXING = YES;
				GCC_C_LANGUAGE_STANDARD = gnu17;
				GCC_DYNAMIC_NO_PIC = NO;
				GCC_NO_COMMON_BLOCKS = YES;
				GCC_OPTIMIZATION_LEVEL = 0;
				GCC_PREPROCESSOR_DEFINITIONS = (
					"DEBUG=1",
					"$(inherited)",
				);
				GCC_WARN_64_TO_32_BIT_CONVERSION = YES;
				GCC_WARN_ABOUT_RETURN_TYPE = YES_ERROR;
				GCC_WARN_UNDECLARED_SELECTOR = YES;
				GCC_WARN_UNINITIALIZED_AUTOS = YES_AGGRESSIVE;
				GCC_WARN_UNUSED_FUNCTION = YES;
				GCC_WARN_UNUSED_VARIABLE = YES;
				IPHONEOS_DEPLOYMENT_TARGET = 17.0;
				LOCALIZATION_PREFERS_STRING_CATALOGS = YES;
				MTL_ENABLE_DEBUG_INFO = INCLUDE_SOURCE;
				MTL_FAST_MATH = YES;
				ONLY_ACTIVE_ARCH = YES;
				SDKROOT = iphoneos;
				SWIFT_ACTIVE_COMPILATION_CONDITIONS = "DEBUG $(inherited)";
				SWIFT_OPTIMIZATION_LEVEL = "-Onone";
			};
			name = Debug;
		};
		17B7C0582A99344400E780CD /* Release */ = {
			isa = XCBuildConfiguration;
			buildSettings = {
				ALWAYS_SEARCH_USER_PATHS = NO;
				ASSETCATALOG_COMPILER_GENERATE_SWIFT_ASSET_SYMBOL_EXTENSIONS = YES;
				CLANG_ANALYZER_NONNULL = YES;
				CLANG_ANALYZER_NUMBER_OBJECT_CONVERSION = YES_AGGRESSIVE;
				CLANG_CXX_LANGUAGE_STANDARD = "gnu++20";
				CLANG_ENABLE_MODULES = YES;
				CLANG_ENABLE_OBJC_ARC = YES;
				CLANG_ENABLE_OBJC_WEAK = YES;
				CLANG_WARN_BLOCK_CAPTURE_AUTORELEASING = YES;
				CLANG_WARN_BOOL_CONVERSION = YES;
				CLANG_WARN_COMMA = YES;
				CLANG_WARN_CONSTANT_CONVERSION = YES;
				CLANG_WARN_DEPRECATED_OBJC_IMPLEMENTATIONS = YES;
				CLANG_WARN_DIRECT_OBJC_ISA_USAGE = YES_ERROR;
				CLANG_WARN_DOCUMENTATION_COMMENTS = YES;
				CLANG_WARN_EMPTY_BODY = YES;
				CLANG_WARN_ENUM_CONVERSION = YES;
				CLANG_WARN_INFINITE_RECURSION = YES;
				CLANG_WARN_INT_CONVERSION = YES;
				CLANG_WARN_NON_LITERAL_NULL_CONVERSION = YES;
				CLANG_WARN_OBJC_IMPLICIT_RETAIN_SELF = YES;
				CLANG_WARN_OBJC_LITERAL_CONVERSION = YES;
				CLANG_WARN_OBJC_ROOT_CLASS = YES_ERROR;
				CLANG_WARN_QUOTED_INCLUDE_IN_FRAMEWORK_HEADER = YES;
				CLANG_WARN_RANGE_LOOP_ANALYSIS = YES;
				CLANG_WARN_STRICT_PROTOTYPES = YES;
				CLANG_WARN_SUSPICIOUS_MOVE = YES;
				CLANG_WARN_UNGUARDED_AVAILABILITY = YES_AGGRESSIVE;
				CLANG_WARN_UNREACHABLE_CODE = YES;
				CLANG_WARN__DUPLICATE_METHOD_MATCH = YES;
				COPY_PHASE_STRIP = NO;
				DEBUG_INFORMATION_FORMAT = "dwarf-with-dsym";
				ENABLE_NS_ASSERTIONS = NO;
				ENABLE_STRICT_OBJC_MSGSEND = YES;
				ENABLE_USER_SCRIPT_SANDBOXING = YES;
				GCC_C_LANGUAGE_STANDARD = gnu17;
				GCC_NO_COMMON_BLOCKS = YES;
				GCC_WARN_64_TO_32_BIT_CONVERSION = YES;
				GCC_WARN_ABOUT_RETURN_TYPE = YES_ERROR;
				GCC_WARN_UNDECLARED_SELECTOR = YES;
				GCC_WARN_UNINITIALIZED_AUTOS = YES_AGGRESSIVE;
				GCC_WARN_UNUSED_FUNCTION = YES;
				GCC_WARN_UNUSED_VARIABLE = YES;
				IPHONEOS_DEPLOYMENT_TARGET = 17.0;
				LOCALIZATION_PREFERS_STRING_CATALOGS = YES;
				MTL_ENABLE_DEBUG_INFO = NO;
				MTL_FAST_MATH = YES;
				SDKROOT = iphoneos;
				SWIFT_COMPILATION_MODE = wholemodule;
				VALIDATE_PRODUCT = YES;
			};
			name = Release;
		};
		17B7C05A2A99344400E780CD /* Debug */ = {
			isa = XCBuildConfiguration;
			buildSettings = {
				ASSETCATALOG_COMPILER_APPICON_NAME = AppIcon;
				ASSETCATALOG_COMPILER_GLOBAL_ACCENT_COLOR_NAME = AccentColor;
				CODE_SIGN_STYLE = Automatic;
				CURRENT_PROJECT_VERSION = 1;
				DEVELOPMENT_ASSET_PATHS = "\"Golf/Preview Content\"";
				DEVELOPMENT_TEAM = JQVWS8ZA55;
				ENABLE_PREVIEWS = YES;
				GENERATE_INFOPLIST_FILE = YES;
				INFOPLIST_FILE = Golf/Info.plist;
				INFOPLIST_KEY_LSApplicationCategoryType = "public.app-category.healthcare-fitness";
				INFOPLIST_KEY_NSCameraUsageDescription = "Путошке необходима камера";
				INFOPLIST_KEY_NSMicrophoneUsageDescription = "";
				INFOPLIST_KEY_UIApplicationSceneManifest_Generation = YES;
				INFOPLIST_KEY_UIApplicationSupportsIndirectInputEvents = YES;
				INFOPLIST_KEY_UILaunchScreen_Generation = YES;
				INFOPLIST_KEY_UISupportedInterfaceOrientations_iPad = "UIInterfaceOrientationPortrait UIInterfaceOrientationPortraitUpsideDown UIInterfaceOrientationLandscapeLeft UIInterfaceOrientationLandscapeRight";
				INFOPLIST_KEY_UISupportedInterfaceOrientations_iPhone = "UIInterfaceOrientationPortrait UIInterfaceOrientationLandscapeLeft UIInterfaceOrientationLandscapeRight";
				LD_RUNPATH_SEARCH_PATHS = (
					"$(inherited)",
					"@executable_path/Frameworks",
				);
				MARKETING_VERSION = 1.0;
				PRODUCT_BUNDLE_IDENTIFIER = as.Golf;
				PRODUCT_NAME = "$(TARGET_NAME)";
				SWIFT_EMIT_LOC_STRINGS = YES;
				SWIFT_VERSION = 5.0;
				TARGETED_DEVICE_FAMILY = "1,2";
			};
			name = Debug;
		};
		17B7C05B2A99344400E780CD /* Release */ = {
			isa = XCBuildConfiguration;
			buildSettings = {
				ASSETCATALOG_COMPILER_APPICON_NAME = AppIcon;
				ASSETCATALOG_COMPILER_GLOBAL_ACCENT_COLOR_NAME = AccentColor;
				CODE_SIGN_STYLE = Automatic;
				CURRENT_PROJECT_VERSION = 1;
				DEVELOPMENT_ASSET_PATHS = "\"Golf/Preview Content\"";
				DEVELOPMENT_TEAM = JQVWS8ZA55;
				ENABLE_PREVIEWS = YES;
				GENERATE_INFOPLIST_FILE = YES;
				INFOPLIST_FILE = Golf/Info.plist;
				INFOPLIST_KEY_LSApplicationCategoryType = "public.app-category.healthcare-fitness";
				INFOPLIST_KEY_NSCameraUsageDescription = "Путошке необходима камера";
				INFOPLIST_KEY_NSMicrophoneUsageDescription = "";
				INFOPLIST_KEY_UIApplicationSceneManifest_Generation = YES;
				INFOPLIST_KEY_UIApplicationSupportsIndirectInputEvents = YES;
				INFOPLIST_KEY_UILaunchScreen_Generation = YES;
				INFOPLIST_KEY_UISupportedInterfaceOrientations_iPad = "UIInterfaceOrientationPortrait UIInterfaceOrientationPortraitUpsideDown UIInterfaceOrientationLandscapeLeft UIInterfaceOrientationLandscapeRight";
				INFOPLIST_KEY_UISupportedInterfaceOrientations_iPhone = "UIInterfaceOrientationPortrait UIInterfaceOrientationLandscapeLeft UIInterfaceOrientationLandscapeRight";
				LD_RUNPATH_SEARCH_PATHS = (
					"$(inherited)",
					"@executable_path/Frameworks",
				);
				MARKETING_VERSION = 1.0;
				PRODUCT_BUNDLE_IDENTIFIER = as.Golf;
				PRODUCT_NAME = "$(TARGET_NAME)";
				SWIFT_EMIT_LOC_STRINGS = YES;
				SWIFT_VERSION = 5.0;
				TARGETED_DEVICE_FAMILY = "1,2";
			};
			name = Release;
		};
/* End XCBuildConfiguration section */

/* Begin XCConfigurationList section */
		17B7C0442A99344300E780CD /* Build configuration list for PBXProject "Golf" */ = {
			isa = XCConfigurationList;
			buildConfigurations = (
				17B7C0572A99344400E780CD /* Debug */,
				17B7C0582A99344400E780CD /* Release */,
			);
			defaultConfigurationIsVisible = 0;
			defaultConfigurationName = Release;
		};
		17B7C0592A99344400E780CD /* Build configuration list for PBXNativeTarget "Golf" */ = {
			isa = XCConfigurationList;
			buildConfigurations = (
				17B7C05A2A99344400E780CD /* Debug */,
				17B7C05B2A99344400E780CD /* Release */,
			);
			defaultConfigurationIsVisible = 0;
			defaultConfigurationName = Release;
		};
/* End XCConfigurationList section */

/* Begin XCLocalSwiftPackageReference section */
		17B7C05C2A99388500E780CD /* XCLocalSwiftPackageReference "../Camera-SwiftUI-main" */ = {
			isa = XCLocalSwiftPackageReference;
			relativePath = "../Camera-SwiftUI-main";
		};
/* End XCLocalSwiftPackageReference section */

/* Begin XCSwiftPackageProductDependency section */
		17B7C0622A9945C300E780CD /* Camera-SwiftUI */ = {
			isa = XCSwiftPackageProductDependency;
			productName = "Camera-SwiftUI";
		};
/* End XCSwiftPackageProductDependency section */
	};
	rootObject = 17B7C0412A99344300E780CD /* Project object */;
}
